
Microsoft Visual Studio Solution File, Format Version 12.00
# Visual Studio Version 16
VisualStudioVersion = 16.0.30413.136
MinimumVisualStudioVersion = 10.0.40219.1
Project("{9A19103F-16F7-4668-BE54-9A1E7A4F7556}") = "COM.Sample.Addition", "COM.Sample.Addition\COM.Sample.Addition.csproj", "{66DD4534-3BAC-4F22-AD69-417099DAC3A5}"
EndProject
Project("{9A19103F-16F7-4668-BE54-9A1E7A4F7556}") = "COM.Server.Addition", "COM.Server.Addition\COM.Server.Addition.csproj", "{6E03EFF1-CA72-4B06-A5FB-7B1B8B5E1DB6}"
EndProject
Project("{2150E333-8FDC-42A3-9474-1A3956D46DE8}") = "Contracts", "Contracts", "{1EA81B70-2487-449D-A512-EFAAD0828EDE}"
	ProjectSection(SolutionItems) = preProject
		Class1.cs = Class1.cs
	EndProjectSection
EndProject
Global
	GlobalSection(SolutionConfigurationPlatforms) = preSolution
		Debug|Any CPU = Debug|Any CPU
		Release|Any CPU = Release|Any CPU
	EndGlobalSection
	GlobalSection(ProjectConfigurationPlatforms) = postSolution
		{66DD4534-3BAC-4F22-AD69-417099DAC3A5}.Debug|Any CPU.ActiveCfg = Debug|Any CPU
		{66DD4534-3BAC-4F22-AD69-417099DAC3A5}.Debug|Any CPU.Build.0 = Debug|Any CPU
		{66DD4534-3BAC-4F22-AD69-417099DAC3A5}.Release|Any CPU.ActiveCfg = Release|Any CPU
		{66DD4534-3BAC-4F22-AD69-417099DAC3A5}.Release|Any CPU.Build.0 = Release|Any CPU
		{6E03EFF1-CA72-4B06-A5FB-7B1B8B5E1DB6}.Debug|Any CPU.ActiveCfg = Debug|Any CPU
		{6E03EFF1-CA72-4B06-A5FB-7B1B8B5E1DB6}.Debug|Any CPU.Build.0 = Debug|Any CPU
		{6E03EFF1-CA72-4B06-A5FB-7B1B8B5E1DB6}.Release|Any CPU.ActiveCfg = Release|Any CPU
		{6E03EFF1-CA72-4B06-A5FB-7B1B8B5E1DB6}.Release|Any CPU.Build.0 = Release|Any CPU
	EndGlobalSection
	GlobalSection(SolutionProperties) = preSolution
		HideSolutionNode = FALSE
	EndGlobalSection
	GlobalSection(ExtensibilityGlobals) = postSolution
		SolutionGuid = {7D9B0F03-6CDF-4B1C-8515-E53B7B9BA160}
	EndGlobalSection
EndGlobal
